
Microsoft Visual Studio Solution File, Format Version 12.00
# Visual Studio Version 17
VisualStudioVersion = 17.4.33213.308
MinimumVisualStudioVersion = 10.0.40219.1
Project("{8BC9CEB8-8B4A-11D0-8D11-00A0C91BC942}") = "SAOD_laba_3", "SAOD_laba_3.vcxproj", "{05962B94-5C82-4C48-8B18-1F2A75D20871}"
EndProject
Global
	GlobalSection(SolutionConfigurationPlatforms) = preSolution
		Debug|x64 = Debug|x64
		Debug|x86 = Debug|x86
		Release|x64 = Release|x64
		Release|x86 = Release|x86
	EndGlobalSection
	GlobalSection(ProjectConfigurationPlatforms) = postSolution
		{05962B94-5C82-4C48-8B18-1F2A75D20871}.Debug|x64.ActiveCfg = Debug|x64
		{05962B94-5C82-4C48-8B18-1F2A75D20871}.Debug|x64.Build.0 = Debug|x64
		{05962B94-5C82-4C48-8B18-1F2A75D20871}.Debug|x86.ActiveCfg = Debug|Win32
		{05962B94-5C82-4C48-8B18-1F2A75D20871}.Debug|x86.Build.0 = Debug|Win32
		{05962B94-5C82-4C48-8B18-1F2A75D20871}.Release|x64.ActiveCfg = Release|x64
		{05962B94-5C82-4C48-8B18-1F2A75D20871}.Release|x64.Build.0 = Release|x64
		{05962B94-5C82-4C48-8B18-1F2A75D20871}.Release|x86.ActiveCfg = Release|Win32
		{05962B94-5C82-4C48-8B18-1F2A75D20871}.Release|x86.Build.0 = Release|Win32
	EndGlobalSection
	GlobalSection(SolutionProperties) = preSolution
		HideSolutionNode = FALSE
	EndGlobalSection
	GlobalSection(ExtensibilityGlobals) = postSolution
		SolutionGuid = {9437D03B-3B78-4CA6-AD71-D08B2406018A}
	EndGlobalSection
EndGlobal
